
Microsoft Visual Studio Solution File, Format Version 12.00
# Visual Studio 15
VisualStudioVersion = 15.0.28307.960
MinimumVisualStudioVersion = 10.0.40219.1
Project("{FAE04EC0-301F-11D3-BF4B-00C04F79EFBC}") = "Encapsulation", "Encapsulation\Encapsulation.csproj", "{1C3774CC-7A94-46CA-90D0-61208B9FED6D}"
EndProject
Global
	GlobalSection(SolutionConfigurationPlatforms) = preSolution
		Debug|Any CPU = Debug|Any CPU
		Release|Any CPU = Release|Any CPU
	EndGlobalSection
	GlobalSection(ProjectConfigurationPlatforms) = postSolution
		{1C3774CC-7A94-46CA-90D0-61208B9FED6D}.Debug|Any CPU.ActiveCfg = Debug|Any CPU
		{1C3774CC-7A94-46CA-90D0-61208B9FED6D}.Debug|Any CPU.Build.0 = Debug|Any CPU
		{1C3774CC-7A94-46CA-90D0-61208B9FED6D}.Release|Any CPU.ActiveCfg = Release|Any CPU
		{1C3774CC-7A94-46CA-90D0-61208B9FED6D}.Release|Any CPU.Build.0 = Release|Any CPU
	EndGlobalSection
	GlobalSection(SolutionProperties) = preSolution
		HideSolutionNode = FALSE
	EndGlobalSection
	GlobalSection(ExtensibilityGlobals) = postSolution
		SolutionGuid = {E6F1C0B9-3412-42ED-AF55-343D8FC0C00D}
	EndGlobalSection
EndGlobal
